
Microsoft Visual Studio Solution File, Format Version 12.00
# Visual Studio Version 17
VisualStudioVersion = 17.6.33723.286
MinimumVisualStudioVersion = 10.0.40219.1
Project("{9A19103F-16F7-4668-BE54-9A1E7A4F7556}") = "Fiber_Optic_System_Designer", "Fiber_Optic_System_Designer\Fiber_Optic_System_Designer.csproj", "{90CD71EE-E9E1-4A0C-871C-1D7ED96E359E}"
EndProject
Project("{54435603-DBB4-11D2-8724-00A0C9A8B90C}") = "Setup_Fiber_Optic_System_Designer", "Setup_Fiber_Optic_System_Designer\Setup_Fiber_Optic_System_Designer.vdproj", "{D19E1ACA-0091-40D7-9A3F-9F4E89FC59E8}"
EndProject
Global
	GlobalSection(SolutionConfigurationPlatforms) = preSolution
		Debug|Any CPU = Debug|Any CPU
		Release|Any CPU = Release|Any CPU
	EndGlobalSection
	GlobalSection(ProjectConfigurationPlatforms) = postSolution
		{90CD71EE-E9E1-4A0C-871C-1D7ED96E359E}.Debug|Any CPU.ActiveCfg = Debug|Any CPU
		{90CD71EE-E9E1-4A0C-871C-1D7ED96E359E}.Debug|Any CPU.Build.0 = Debug|Any CPU
		{90CD71EE-E9E1-4A0C-871C-1D7ED96E359E}.Release|Any CPU.ActiveCfg = Release|Any CPU
		{90CD71EE-E9E1-4A0C-871C-1D7ED96E359E}.Release|Any CPU.Build.0 = Release|Any CPU
		{D19E1ACA-0091-40D7-9A3F-9F4E89FC59E8}.Debug|Any CPU.ActiveCfg = Debug
		{D19E1ACA-0091-40D7-9A3F-9F4E89FC59E8}.Release|Any CPU.ActiveCfg = Release
	EndGlobalSection
	GlobalSection(SolutionProperties) = preSolution
		HideSolutionNode = FALSE
	EndGlobalSection
	GlobalSection(ExtensibilityGlobals) = postSolution
		SolutionGuid = {21AC180E-B35D-481B-9D7F-CCD8B0AB56F9}
	EndGlobalSection
EndGlobal
